// !$*UTF8*$!
{
	archiveVersion = 1;
	classes = {
	};
	objectVersion = 50;
	objects = {

/* Begin PBXBuildFile section */
		C5BC13E9255CD16B0081B510 /* Apple_FrameworksApp.swift in Sources */ = {isa = PBXBuildFile; fileRef = C5BC13E8255CD16B0081B510 /* Apple_FrameworksApp.swift */; };
		C5BC13ED255CD1700081B510 /* Assets.xcassets in Resources */ = {isa = PBXBuildFile; fileRef = C5BC13EC255CD1700081B510 /* Assets.xcassets */; };
		C5BC13F0255CD1700081B510 /* Preview Assets.xcassets in Resources */ = {isa = PBXBuildFile; fileRef = C5BC13EF255CD1700081B510 /* Preview Assets.xcassets */; };
		C5BC13F9255CD19A0081B510 /* Framework.swift in Sources */ = {isa = PBXBuildFile; fileRef = C5BC13F8255CD19A0081B510 /* Framework.swift */; };
		C5BC1401255CD2DB0081B510 /* FrameworkGridView.swift in Sources */ = {isa = PBXBuildFile; fileRef = C5BC1400255CD2DB0081B510 /* FrameworkGridView.swift */; };
		C5BC1405255CDAF80081B510 /* FrameworkDetailView.swift in Sources */ = {isa = PBXBuildFile; fileRef = C5BC1404255CDAF80081B510 /* FrameworkDetailView.swift */; };
		C5BC1409255CDD7E0081B510 /* AFButton.swift in Sources */ = {isa = PBXBuildFile; fileRef = C5BC1408255CDD7E0081B510 /* AFButton.swift */; };
		C5BC140C255CE0E20081B510 /* FrameworkGridViewModel.swift in Sources */ = {isa = PBXBuildFile; fileRef = C5BC140B255CE0E20081B510 /* FrameworkGridViewModel.swift */; };
		C5BC1410255D683C0081B510 /* SafariView.swift in Sources */ = {isa = PBXBuildFile; fileRef = C5BC140F255D683C0081B510 /* SafariView.swift */; };
		C5BC1415255E2F030081B510 /* FrameworkTitleView.swift in Sources */ = {isa = PBXBuildFile; fileRef = C5BC1414255E2F020081B510 /* FrameworkTitleView.swift */; };
		C5BC1418255E2FA60081B510 /* XDismissButton.swift in Sources */ = {isa = PBXBuildFile; fileRef = C5BC1417255E2FA60081B510 /* XDismissButton.swift */; };
/* End PBXBuildFile section */

/* Begin PBXFileReference section */
		C5BC13E5255CD16B0081B510 /* Apple-Frameworks.app */ = {isa = PBXFileReference; explicitFileType = wrapper.application; includeInIndex = 0; path = "Apple-Frameworks.app"; sourceTree = BUILT_PRODUCTS_DIR; };
		C5BC13E8255CD16B0081B510 /* Apple_FrameworksApp.swift */ = {isa = PBXFileReference; lastKnownFileType = sourcecode.swift; path = Apple_FrameworksApp.swift; sourceTree = "<group>"; };
		C5BC13EC255CD1700081B510 /* Assets.xcassets */ = {isa = PBXFileReference; lastKnownFileType = folder.assetcatalog; path = Assets.xcassets; sourceTree = "<group>"; };
		C5BC13EF255CD1700081B510 /* Preview Assets.xcassets */ = {isa = PBXFileReference; lastKnownFileType = folder.assetcatalog; path = "Preview Assets.xcassets"; sourceTree = "<group>"; };
		C5BC13F1255CD1700081B510 /* Info.plist */ = {isa = PBXFileReference; lastKnownFileType = text.plist.xml; path = Info.plist; sourceTree = "<group>"; };
		C5BC13F8255CD19A0081B510 /* Framework.swift */ = {isa = PBXFileReference; lastKnownFileType = sourcecode.swift; path = Framework.swift; sourceTree = "<group>"; };
		C5BC1400255CD2DB0081B510 /* FrameworkGridView.swift */ = {isa = PBXFileReference; lastKnownFileType = sourcecode.swift; path = FrameworkGridView.swift; sourceTree = "<group>"; };
		C5BC1404255CDAF80081B510 /* FrameworkDetailView.swift */ = {isa = PBXFileReference; lastKnownFileType = sourcecode.swift; path = FrameworkDetailView.swift; sourceTree = "<group>"; };
		C5BC1408255CDD7E0081B510 /* AFButton.swift */ = {isa = PBXFileReference; lastKnownFileType = sourcecode.swift; path = AFButton.swift; sourceTree = "<group>"; };
		C5BC140B255CE0E20081B510 /* FrameworkGridViewModel.swift */ = {isa = PBXFileReference; lastKnownFileType = sourcecode.swift; path = FrameworkGridViewModel.swift; sourceTree = "<group>"; };
		C5BC140F255D683C0081B510 /* SafariView.swift */ = {isa = PBXFileReference; lastKnownFileType = sourcecode.swift; path = SafariView.swift; sourceTree = "<group>"; };
		C5BC1414255E2F020081B510 /* FrameworkTitleView.swift */ = {isa = PBXFileReference; lastKnownFileType = sourcecode.swift; path = FrameworkTitleView.swift; sourceTree = "<group>"; };
		C5BC1417255E2FA60081B510 /* XDismissButton.swift */ = {isa = PBXFileReference; lastKnownFileType = sourcecode.swift; path = XDismissButton.swift; sourceTree = "<group>"; };
/* End PBXFileReference section */

/* Begin PBXFrameworksBuildPhase section */
		C5BC13E2255CD16B0081B510 /* Frameworks */ = {
			isa = PBXFrameworksBuildPhase;
			buildActionMask = 2147483647;
			files = (
			);
			runOnlyForDeploymentPostprocessing = 0;
		};
/* End PBXFrameworksBuildPhase section */

/* Begin PBXGroup section */
		C5BC13DC255CD16B0081B510 = {
			isa = PBXGroup;
			children = (
				C5BC13E7255CD16B0081B510 /* Apple-Frameworks */,
				C5BC13E6255CD16B0081B510 /* Products */,
			);
			sourceTree = "<group>";
		};
		C5BC13E6255CD16B0081B510 /* Products */ = {
			isa = PBXGroup;
			children = (
				C5BC13E5255CD16B0081B510 /* Apple-Frameworks.app */,
			);
			name = Products;
			sourceTree = "<group>";
		};
		C5BC13E7255CD16B0081B510 /* Apple-Frameworks */ = {
			isa = PBXGroup;
			children = (
				C5BC1421255E32940081B510 /* UIKit Components */,
				C5BC141E255E326A0081B510 /* Views */,
				C5BC141D255E32500081B510 /* Model */,
				C5BC141A255E31FB0081B510 /* Screens */,
				C5BC13E8255CD16B0081B510 /* Apple_FrameworksApp.swift */,
				C5BC13EC255CD1700081B510 /* Assets.xcassets */,
				C5BC13F1255CD1700081B510 /* Info.plist */,
				C5BC13EE255CD1700081B510 /* Preview Content */,
			);
			path = "Apple-Frameworks";
			sourceTree = "<group>";
		};
		C5BC13EE255CD1700081B510 /* Preview Content */ = {
			isa = PBXGroup;
			children = (
				C5BC13EF255CD1700081B510 /* Preview Assets.xcassets */,
			);
			path = "Preview Content";
			sourceTree = "<group>";
		};
		C5BC141A255E31FB0081B510 /* Screens */ = {
			isa = PBXGroup;
			children = (
				C5BC141B255E32090081B510 /* FrameworkGridView */,
				C5BC141C255E32370081B510 /* FrameworkDetailView */,
			);
			path = Screens;
			sourceTree = "<group>";
		};
		C5BC141B255E32090081B510 /* FrameworkGridView */ = {
			isa = PBXGroup;
			children = (
				C5BC140B255CE0E20081B510 /* FrameworkGridViewModel.swift */,
				C5BC1400255CD2DB0081B510 /* FrameworkGridView.swift */,
			);
			path = FrameworkGridView;
			sourceTree = "<group>";
		};
		C5BC141C255E32370081B510 /* FrameworkDetailView */ = {
			isa = PBXGroup;
			children = (
				C5BC1404255CDAF80081B510 /* FrameworkDetailView.swift */,
			);
			path = FrameworkDetailView;
			sourceTree = "<group>";
		};
		C5BC141D255E32500081B510 /* Model */ = {
			isa = PBXGroup;
			children = (
				C5BC13F8255CD19A0081B510 /* Framework.swift */,
			);
			path = Model;
			sourceTree = "<group>";
		};
		C5BC141E255E326A0081B510 /* Views */ = {
			isa = PBXGroup;
			children = (
				C5BC1420255E32860081B510 /* View */,
				C5BC141F255E32730081B510 /* Buttons */,
			);
			path = Views;
			sourceTree = "<group>";
		};
		C5BC141F255E32730081B510 /* Buttons */ = {
			isa = PBXGroup;
			children = (
				C5BC1417255E2FA60081B510 /* XDismissButton.swift */,
				C5BC1408255CDD7E0081B510 /* AFButton.swift */,
			);
			path = Buttons;
			sourceTree = "<group>";
		};
		C5BC1420255E32860081B510 /* View */ = {
			isa = PBXGroup;
			children = (
				C5BC1414255E2F020081B510 /* FrameworkTitleView.swift */,
			);
			path = View;
			sourceTree = "<group>";
		};
		C5BC1421255E32940081B510 /* UIKit Components */ = {
			isa = PBXGroup;
			children = (
				C5BC140F255D683C0081B510 /* SafariView.swift */,
			);
			path = "UIKit Components";
			sourceTree = "<group>";
		};
/* End PBXGroup section */

/* Begin PBXNativeTarget section */
		C5BC13E4255CD16B0081B510 /* Apple-Frameworks */ = {
			isa = PBXNativeTarget;
			buildConfigurationList = C5BC13F4255CD1700081B510 /* Build configuration list for PBXNativeTarget "Apple-Frameworks" */;
			buildPhases = (
				C5BC13E1255CD16B0081B510 /* Sources */,
				C5BC13E2255CD16B0081B510 /* Frameworks */,
				C5BC13E3255CD16B0081B510 /* Resources */,
			);
			buildRules = (
			);
			dependencies = (
			);
			name = "Apple-Frameworks";
			productName = "Apple-Frameworks";
			productReference = C5BC13E5255CD16B0081B510 /* Apple-Frameworks.app */;
			productType = "com.apple.product-type.application";
		};
/* End PBXNativeTarget section */

/* Begin PBXProject section */
		C5BC13DD255CD16B0081B510 /* Project object */ = {
			isa = PBXProject;
			attributes = {
				LastSwiftUpdateCheck = 1220;
				LastUpgradeCheck = 1220;
				TargetAttributes = {
					C5BC13E4255CD16B0081B510 = {
						CreatedOnToolsVersion = 12.2;
					};
				};
			};
			buildConfigurationList = C5BC13E0255CD16B0081B510 /* Build configuration list for PBXProject "Apple-Frameworks" */;
			compatibilityVersion = "Xcode 9.3";
			developmentRegion = en;
			hasScannedForEncodings = 0;
			knownRegions = (
				en,
				Base,
			);
			mainGroup = C5BC13DC255CD16B0081B510;
			productRefGroup = C5BC13E6255CD16B0081B510 /* Products */;
			projectDirPath = "";
			projectRoot = "";
			targets = (
				C5BC13E4255CD16B0081B510 /* Apple-Frameworks */,
			);
		};
/* End PBXProject section */

/* Begin PBXResourcesBuildPhase section */
		C5BC13E3255CD16B0081B510 /* Resources */ = {
			isa = PBXResourcesBuildPhase;
			buildActionMask = 2147483647;
			files = (
				C5BC13F0255CD1700081B510 /* Preview Assets.xcassets in Resources */,
				C5BC13ED255CD1700081B510 /* Assets.xcassets in Resources */,
			);
			runOnlyForDeploymentPostprocessing = 0;
		};
/* End PBXResourcesBuildPhase section */

/* Begin PBXSourcesBuildPhase section */
		C5BC13E1255CD16B0081B510 /* Sources */ = {
			isa = PBXSourcesBuildPhase;
			buildActionMask = 2147483647;
			files = (
				C5BC1405255CDAF80081B510 /* FrameworkDetailView.swift in Sources */,
				C5BC1401255CD2DB0081B510 /* FrameworkGridView.swift in Sources */,
				C5BC1418255E2FA60081B510 /* XDismissButton.swift in Sources */,
				C5BC13F9255CD19A0081B510 /* Framework.swift in Sources */,
				C5BC1409255CDD7E0081B510 /* AFButton.swift in Sources */,
				C5BC13E9255CD16B0081B510 /* Apple_FrameworksApp.swift in Sources */,
				C5BC140C255CE0E20081B510 /* FrameworkGridViewModel.swift in Sources */,
				C5BC1415255E2F030081B510 /* FrameworkTitleView.swift in Sources */,
				C5BC1410255D683C0081B510 /* SafariView.swift in Sources */,
			);
			runOnlyForDeploymentPostprocessing = 0;
		};
/* End PBXSourcesBuildPhase section */

/* Begin XCBuildConfiguration section */
		C5BC13F2255CD1700081B510 /* Debug */ = {
			isa = XCBuildConfiguration;
			buildSettings = {
				ALWAYS_SEARCH_USER_PATHS = NO;
				CLANG_ANALYZER_NONNULL = YES;
				CLANG_ANALYZER_NUMBER_OBJECT_CONVERSION = YES_AGGRESSIVE;
				CLANG_CXX_LANGUAGE_STANDARD = "gnu++14";
				CLANG_CXX_LIBRARY = "libc++";
				CLANG_ENABLE_MODULES = YES;
				CLANG_ENABLE_OBJC_ARC = YES;
				CLANG_ENABLE_OBJC_WEAK = YES;
				CLANG_WARN_BLOCK_CAPTURE_AUTORELEASING = YES;
				CLANG_WARN_BOOL_CONVERSION = YES;
				CLANG_WARN_COMMA = YES;
				CLANG_WARN_CONSTANT_CONVERSION = YES;
				CLANG_WARN_DEPRECATED_OBJC_IMPLEMENTATIONS = YES;
				CLANG_WARN_DIRECT_OBJC_ISA_USAGE = YES_ERROR;
				CLANG_WARN_DOCUMENTATION_COMMENTS = YES;
				CLANG_WARN_EMPTY_BODY = YES;
				CLANG_WARN_ENUM_CONVERSION = YES;
				CLANG_WARN_INFINITE_RECURSION = YES;
				CLANG_WARN_INT_CONVERSION = YES;
				CLANG_WARN_NON_LITERAL_NULL_CONVERSION = YES;
				CLANG_WARN_OBJC_IMPLICIT_RETAIN_SELF = YES;
				CLANG_WARN_OBJC_LITERAL_CONVERSION = YES;
				CLANG_WARN_OBJC_ROOT_CLASS = YES_ERROR;
				CLANG_WARN_QUOTED_INCLUDE_IN_FRAMEWORK_HEADER = YES;
				CLANG_WARN_RANGE_LOOP_ANALYSIS = YES;
				CLANG_WARN_STRICT_PROTOTYPES = YES;
				CLANG_WARN_SUSPICIOUS_MOVE = YES;
				CLANG_WARN_UNGUARDED_AVAILABILITY = YES_AGGRESSIVE;
				CLANG_WARN_UNREACHABLE_CODE = YES;
				CLANG_WARN__DUPLICATE_METHOD_MATCH = YES;
				COPY_PHASE_STRIP = NO;
				DEBUG_INFORMATION_FORMAT = dwarf;
				ENABLE_STRICT_OBJC_MSGSEND = YES;
				ENABLE_TESTABILITY = YES;
				GCC_C_LANGUAGE_STANDARD = gnu11;
				GCC_DYNAMIC_NO_PIC = NO;
				GCC_NO_COMMON_BLOCKS = YES;
				GCC_OPTIMIZATION_LEVEL = 0;
				GCC_PREPROCESSOR_DEFINITIONS = (
					"DEBUG=1",
					"$(inherited)",
				);
				GCC_WARN_64_TO_32_BIT_CONVERSION = YES;
				GCC_WARN_ABOUT_RETURN_TYPE = YES_ERROR;
				GCC_WARN_UNDECLARED_SELECTOR = YES;
				GCC_WARN_UNINITIALIZED_AUTOS = YES_AGGRESSIVE;
				GCC_WARN_UNUSED_FUNCTION = YES;
				GCC_WARN_UNUSED_VARIABLE = YES;
				IPHONEOS_DEPLOYMENT_TARGET = 14.2;
				MTL_ENABLE_DEBUG_INFO = INCLUDE_SOURCE;
				MTL_FAST_MATH = YES;
				ONLY_ACTIVE_ARCH = YES;
				SDKROOT = iphoneos;
				SWIFT_ACTIVE_COMPILATION_CONDITIONS = DEBUG;
				SWIFT_OPTIMIZATION_LEVEL = "-Onone";
			};
			name = Debug;
		};
		C5BC13F3255CD1700081B510 /* Release */ = {
			isa = XCBuildConfiguration;
			buildSettings = {
				ALWAYS_SEARCH_USER_PATHS = NO;
				CLANG_ANALYZER_NONNULL = YES;
				CLANG_ANALYZER_NUMBER_OBJECT_CONVERSION = YES_AGGRESSIVE;
				CLANG_CXX_LANGUAGE_STANDARD = "gnu++14";
				CLANG_CXX_LIBRARY = "libc++";
				CLANG_ENABLE_MODULES = YES;
				CLANG_ENABLE_OBJC_ARC = YES;
				CLANG_ENABLE_OBJC_WEAK = YES;
				CLANG_WARN_BLOCK_CAPTURE_AUTORELEASING = YES;
				CLANG_WARN_BOOL_CONVERSION = YES;
				CLANG_WARN_COMMA = YES;
				CLANG_WARN_CONSTANT_CONVERSION = YES;
				CLANG_WARN_DEPRECATED_OBJC_IMPLEMENTATIONS = YES;
				CLANG_WARN_DIRECT_OBJC_ISA_USAGE = YES_ERROR;
				CLANG_WARN_DOCUMENTATION_COMMENTS = YES;
				CLANG_WARN_EMPTY_BODY = YES;
				CLANG_WARN_ENUM_CONVERSION = YES;
				CLANG_WARN_INFINITE_RECURSION = YES;
				CLANG_WARN_INT_CONVERSION = YES;
				CLANG_WARN_NON_LITERAL_NULL_CONVERSION = YES;
				CLANG_WARN_OBJC_IMPLICIT_RETAIN_SELF = YES;
				CLANG_WARN_OBJC_LITERAL_CONVERSION = YES;
				CLANG_WARN_OBJC_ROOT_CLASS = YES_ERROR;
				CLANG_WARN_QUOTED_INCLUDE_IN_FRAMEWORK_HEADER = YES;
				CLANG_WARN_RANGE_LOOP_ANALYSIS = YES;
				CLANG_WARN_STRICT_PROTOTYPES = YES;
				CLANG_WARN_SUSPICIOUS_MOVE = YES;
				CLANG_WARN_UNGUARDED_AVAILABILITY = YES_AGGRESSIVE;
				CLANG_WARN_UNREACHABLE_CODE = YES;
				CLANG_WARN__DUPLICATE_METHOD_MATCH = YES;
				COPY_PHASE_STRIP = NO;
				DEBUG_INFORMATION_FORMAT = "dwarf-with-dsym";
				ENABLE_NS_ASSERTIONS = NO;
				ENABLE_STRICT_OBJC_MSGSEND = YES;
				GCC_C_LANGUAGE_STANDARD = gnu11;
				GCC_NO_COMMON_BLOCKS = YES;
				GCC_WARN_64_TO_32_BIT_CONVERSION = YES;
				GCC_WARN_ABOUT_RETURN_TYPE = YES_ERROR;
				GCC_WARN_UNDECLARED_SELECTOR = YES;
				GCC_WARN_UNINITIALIZED_AUTOS = YES_AGGRESSIVE;
				GCC_WARN_UNUSED_FUNCTION = YES;
				GCC_WARN_UNUSED_VARIABLE = YES;
				IPHONEOS_DEPLOYMENT_TARGET = 14.2;
				MTL_ENABLE_DEBUG_INFO = NO;
				MTL_FAST_MATH = YES;
				SDKROOT = iphoneos;
				SWIFT_COMPILATION_MODE = wholemodule;
				SWIFT_OPTIMIZATION_LEVEL = "-O";
				VALIDATE_PRODUCT = YES;
			};
			name = Release;
		};
		C5BC13F5255CD1700081B510 /* Debug */ = {
			isa = XCBuildConfiguration;
			buildSettings = {
				ASSETCATALOG_COMPILER_APPICON_NAME = AppIcon;
				ASSETCATALOG_COMPILER_GLOBAL_ACCENT_COLOR_NAME = AccentColor;
				CODE_SIGN_STYLE = Automatic;
				DEVELOPMENT_ASSET_PATHS = "\"Apple-Frameworks/Preview Content\"";
				DEVELOPMENT_TEAM = 88T95G26RM;
				ENABLE_PREVIEWS = YES;
				INFOPLIST_FILE = "Apple-Frameworks/Info.plist";
				IPHONEOS_DEPLOYMENT_TARGET = 14.0;
				LD_RUNPATH_SEARCH_PATHS = (
					"$(inherited)",
					"@executable_path/Frameworks",
				);
				PRODUCT_BUNDLE_IDENTIFIER = "jeffleveil.Apple-Frameworks";
				PRODUCT_NAME = "$(TARGET_NAME)";
				SWIFT_VERSION = 5.0;
				TARGETED_DEVICE_FAMILY = "1,2";
			};
			name = Debug;
		};
		C5BC13F6255CD1700081B510 /* Release */ = {
			isa = XCBuildConfiguration;
			buildSettings = {
				ASSETCATALOG_COMPILER_APPICON_NAME = AppIcon;
				ASSETCATALOG_COMPILER_GLOBAL_ACCENT_COLOR_NAME = AccentColor;
				CODE_SIGN_STYLE = Automatic;
				DEVELOPMENT_ASSET_PATHS = "\"Apple-Frameworks/Preview Content\"";
				DEVELOPMENT_TEAM = 88T95G26RM;
				ENABLE_PREVIEWS = YES;
				INFOPLIST_FILE = "Apple-Frameworks/Info.plist";
				IPHONEOS_DEPLOYMENT_TARGET = 14.0;
				LD_RUNPATH_SEARCH_PATHS = (
					"$(inherited)",
					"@executable_path/Frameworks",
				);
				PRODUCT_BUNDLE_IDENTIFIER = "jeffleveil.Apple-Frameworks";
				PRODUCT_NAME = "$(TARGET_NAME)";
				SWIFT_VERSION = 5.0;
				TARGETED_DEVICE_FAMILY = "1,2";
			};
			name = Release;
		};
/* End XCBuildConfiguration section */

/* Begin XCConfigurationList section */
		C5BC13E0255CD16B0081B510 /* Build configuration list for PBXProject "Apple-Frameworks" */ = {
			isa = XCConfigurationList;
			buildConfigurations = (
				C5BC13F2255CD1700081B510 /* Debug */,
				C5BC13F3255CD1700081B510 /* Release */,
			);
			defaultConfigurationIsVisible = 0;
			defaultConfigurationName = Release;
		};
		C5BC13F4255CD1700081B510 /* Build configuration list for PBXNativeTarget "Apple-Frameworks" */ = {
			isa = XCConfigurationList;
			buildConfigurations = (
				C5BC13F5255CD1700081B510 /* Debug */,
				C5BC13F6255CD1700081B510 /* Release */,
			);
			defaultConfigurationIsVisible = 0;
			defaultConfigurationName = Release;
		};
/* End XCConfigurationList section */
	};
	rootObject = C5BC13DD255CD16B0081B510 /* Project object */;
}
